
Microsoft Visual Studio Solution File, Format Version 12.00
# Visual Studio 15
Project("{FAE04EC0-301F-11D3-BF4B-00C04F79EFBC}") = "AspNetCoreWithAngular", "AspNetCoreWithAngular.csproj", "{D3EF5133-EEE0-4A98-87F3-3022A9C77604}"
EndProject
Project("{E53339B2-1760-4266-BCC7-CA923CBCF16C}") = "docker-compose", "docker-compose.dcproj", "{666A2439-5B6B-4375-BB3D-D50DD507F455}"
EndProject
Global
	GlobalSection(SolutionConfigurationPlatforms) = preSolution
		Debug|Any CPU = Debug|Any CPU
		Release|Any CPU = Release|Any CPU
	EndGlobalSection
	GlobalSection(ProjectConfigurationPlatforms) = postSolution
		{D3EF5133-EEE0-4A98-87F3-3022A9C77604}.Debug|Any CPU.ActiveCfg = Debug|Any CPU
		{D3EF5133-EEE0-4A98-87F3-3022A9C77604}.Debug|Any CPU.Build.0 = Debug|Any CPU
		{D3EF5133-EEE0-4A98-87F3-3022A9C77604}.Release|Any CPU.ActiveCfg = Release|Any CPU
		{D3EF5133-EEE0-4A98-87F3-3022A9C77604}.Release|Any CPU.Build.0 = Release|Any CPU
		{666A2439-5B6B-4375-BB3D-D50DD507F455}.Debug|Any CPU.ActiveCfg = Debug|Any CPU
		{666A2439-5B6B-4375-BB3D-D50DD507F455}.Debug|Any CPU.Build.0 = Debug|Any CPU
		{666A2439-5B6B-4375-BB3D-D50DD507F455}.Release|Any CPU.ActiveCfg = Release|Any CPU
		{666A2439-5B6B-4375-BB3D-D50DD507F455}.Release|Any CPU.Build.0 = Release|Any CPU
	EndGlobalSection
EndGlobal
